- entry_type: ghost_instrumentation
  metadata:
    format_version: "2.1-goblint"
    uuid: 00000000-0000-0000-0000-000000000033
    creation_time: 2026-04-21T00:00:00Z
    producer:
      name: Test
      version: "0.0"
    task:
      input_files:
      - 61-mutex-ghost-trylock.c
      input_file_hashes:
        61-mutex-ghost-trylock.c: "0000000000000000000000000000000000000000000000000000000000000000"
      data_model: LP64
      language: C
  content:
    ghost_variables:
    - name: ghost_1
      scope: global
      type: int
      initial:
        value: "0"
        format: c_expression
    ghost_updates:
    - location:
        file_name: 61-mutex-ghost-trylock.c
        line: 23
        column: 5
        function: monitor_thread
      updates:
      - variable: ghost_1
        value: "1"
        format: c_expression
    - location:
        file_name: 61-mutex-ghost-trylock.c
        line: 25
        column: 7
        function: monitor_thread
      updates:
      - variable: ghost_1
        value: "0"
        format: c_expression
